// !$*UTF8*$!
{
	archiveVersion = 1;
	classes = {
	};
	objectVersion = 50;
	objects = {

/* Begin PBXBuildFile section */
		18135ED223BDCE7A00494413 /* AppDelegate.swift in Sources */ = {isa = PBXBuildFile; fileRef = 18135ED123BDCE7A00494413 /* AppDelegate.swift */; };
		18135ED423BDCE7A00494413 /* SceneDelegate.swift in Sources */ = {isa = PBXBuildFile; fileRef = 18135ED323BDCE7A00494413 /* SceneDelegate.swift */; };
		18135ED623BDCE7A00494413 /* ViewController.swift in Sources */ = {isa = PBXBuildFile; fileRef = 18135ED523BDCE7A00494413 /* ViewController.swift */; };
		18135ED923BDCE7A00494413 /* Main.storyboard in Resources */ = {isa = PBXBuildFile; fileRef = 18135ED723BDCE7A00494413 /* Main.storyboard */; };
		18135EDB23BDCE7C00494413 /* Assets.xcassets in Resources */ = {isa = PBXBuildFile; fileRef = 18135EDA23BDCE7C00494413 /* Assets.xcassets */; };
		18135EDE23BDCE7C00494413 /* LaunchScreen.storyboard in Resources */ = {isa = PBXBuildFile; fileRef = 18135EDC23BDCE7C00494413 /* LaunchScreen.storyboard */; };
/* End PBXBuildFile section */

/* Begin PBXFileReference section */
		18135ECE23BDCE7A00494413 /* testRepoPush.app */ = {isa = PBXFileReference; explicitFileType = wrapper.application; includeInIndex = 0; path = testRepoPush.app; sourceTree = BUILT_PRODUCTS_DIR; };
		18135ED123BDCE7A00494413 /* AppDelegate.swift */ = {isa = PBXFileReference; lastKnownFileType = sourcecode.swift; path = AppDelegate.swift; sourceTree = "<group>"; };
		18135ED323BDCE7A00494413 /* SceneDelegate.swift */ = {isa = PBXFileReference; lastKnownFileType = sourcecode.swift; path = SceneDelegate.swift; sourceTree = "<group>"; };
		18135ED523BDCE7A00494413 /* ViewController.swift */ = {isa = PBXFileReference; lastKnownFileType = sourcecode.swift; path = ViewController.swift; sourceTree = "<group>"; };
		18135ED823BDCE7A00494413 /* Base */ = {isa = PBXFileReference; lastKnownFileType = file.storyboard; name = Base; path = Base.lproj/Main.storyboard; sourceTree = "<group>"; };
		18135EDA23BDCE7C00494413 /* Assets.xcassets */ = {isa = PBXFileReference; lastKnownFileType = folder.assetcatalog; path = Assets.xcassets; sourceTree = "<group>"; };
		18135EDD23BDCE7C00494413 /* Base */ = {isa = PBXFileReference; lastKnownFileType = file.storyboard; name = Base; path = Base.lproj/LaunchScreen.storyboard; sourceTree = "<group>"; };
		18135EDF23BDCE7C00494413 /* Info.plist */ = {isa = PBXFileReference; lastKnownFileType = text.plist.xml; path = Info.plist; sourceTree = "<group>"; };
/* End PBXFileReference section */

/* Begin PBXFrameworksBuildPhase section */
		18135ECB23BDCE7A00494413 /* Frameworks */ = {
			isa = PBXFrameworksBuildPhase;
			buildActionMask = 2147483647;
			files = (
			);
			runOnlyForDeploymentPostprocessing = 0;
		};
/* End PBXFrameworksBuildPhase section */

/* Begin PBXGroup section */
		18135EC523BDCE7A00494413 = {
			isa = PBXGroup;
			children = (
				18135ED023BDCE7A00494413 /* testRepoPush */,
				18135ECF23BDCE7A00494413 /* Products */,
			);
			sourceTree = "<group>";
		};
		18135ECF23BDCE7A00494413 /* Products */ = {
			isa = PBXGroup;
			children = (
				18135ECE23BDCE7A00494413 /* testRepoPush.app */,
			);
			name = Products;
			sourceTree = "<group>";
		};
		18135ED023BDCE7A00494413 /* testRepoPush */ = {
			isa = PBXGroup;
			children = (
				18135ED123BDCE7A00494413 /* AppDelegate.swift */,
				18135ED323BDCE7A00494413 /* SceneDelegate.swift */,
				18135ED523BDCE7A00494413 /* ViewController.swift */,
				18135ED723BDCE7A00494413 /* Main.storyboard */,
				18135EDA23BDCE7C00494413 /* Assets.xcassets */,
				18135EDC23BDCE7C00494413 /* LaunchScreen.storyboard */,
				18135EDF23BDCE7C00494413 /* Info.plist */,
			);
			path = testRepoPush;
			sourceTree = "<group>";
		};
/* End PBXGroup section */

/* Begin PBXNativeTarget section */
		18135ECD23BDCE7A00494413 /* testRepoPush */ = {
			isa = PBXNativeTarget;
			buildConfigurationList = 18135EE223BDCE7C00494413 /* Build configuration list for PBXNativeTarget "testRepoPush" */;
			buildPhases = (
				18135ECA23BDCE7A00494413 /* Sources */,
				18135ECB23BDCE7A00494413 /* Frameworks */,
				18135ECC23BDCE7A00494413 /* Resources */,
			);
			buildRules = (
			);
			dependencies = (
			);
			name = testRepoPush;
			productName = testRepoPush;
			productReference = 18135ECE23BDCE7A00494413 /* testRepoPush.app */;
			productType = "com.apple.product-type.application";
		};
/* End PBXNativeTarget section */

/* Begin PBXProject section */
		18135EC623BDCE7A00494413 /* Project object */ = {
			isa = PBXProject;
			attributes = {
				LastSwiftUpdateCheck = 1120;
				LastUpgradeCheck = 1120;
				ORGANIZATIONNAME = "sachin shinde";
				TargetAttributes = {
					18135ECD23BDCE7A00494413 = {
						CreatedOnToolsVersion = 11.2;
					};
				};
			};
			buildConfigurationList = 18135EC923BDCE7A00494413 /* Build configuration list for PBXProject "testRepoPush" */;
			compatibilityVersion = "Xcode 9.3";
			developmentRegion = en;
			hasScannedForEncodings = 0;
			knownRegions = (
				en,
				Base,
			);
			mainGroup = 18135EC523BDCE7A00494413;
			productRefGroup = 18135ECF23BDCE7A00494413 /* Products */;
			projectDirPath = "";
			projectRoot = "";
			targets = (
				18135ECD23BDCE7A00494413 /* testRepoPush */,
			);
		};
/* End PBXProject section */

/* Begin PBXResourcesBuildPhase section */
		18135ECC23BDCE7A00494413 /* Resources */ = {
			isa = PBXResourcesBuildPhase;
			buildActionMask = 2147483647;
			files = (
				18135EDE23BDCE7C00494413 /* LaunchScreen.storyboard in Resources */,
				18135EDB23BDCE7C00494413 /* Assets.xcassets in Resources */,
				18135ED923BDCE7A00494413 /* Main.storyboard in Resources */,
			);
			runOnlyForDeploymentPostprocessing = 0;
		};
/* End PBXResourcesBuildPhase section */

/* Begin PBXSourcesBuildPhase section */
		18135ECA23BDCE7A00494413 /* Sources */ = {
			isa = PBXSourcesBuildPhase;
			buildActionMask = 2147483647;
			files = (
				18135ED623BDCE7A00494413 /* ViewController.swift in Sources */,
				18135ED223BDCE7A00494413 /* AppDelegate.swift in Sources */,
				18135ED423BDCE7A00494413 /* SceneDelegate.swift in Sources */,
			);
			runOnlyForDeploymentPostprocessing = 0;
		};
/* End PBXSourcesBuildPhase section */

/* Begin PBXVariantGroup section */
		18135ED723BDCE7A00494413 /* Main.storyboard */ = {
			isa = PBXVariantGroup;
			children = (
				18135ED823BDCE7A00494413 /* Base */,
			);
			name = Main.storyboard;
			sourceTree = "<group>";
		};
		18135EDC23BDCE7C00494413 /* LaunchScreen.storyboard */ = {
			isa = PBXVariantGroup;
			children = (
				18135EDD23BDCE7C00494413 /* Base */,
			);
			name = LaunchScreen.storyboard;
			sourceTree = "<group>";
		};
/* End PBXVariantGroup section */

/* Begin XCBuildConfiguration section */
		18135EE023BDCE7C00494413 /* Debug */ = {
			isa = XCBuildConfiguration;
			buildSettings = {
				ALWAYS_SEARCH_USER_PATHS = NO;
				CLANG_ANALYZER_NONNULL = YES;
				CLANG_ANALYZER_NUMBER_OBJECT_CONVERSION = YES_AGGRESSIVE;
				CLANG_CXX_LANGUAGE_STANDARD = "gnu++14";
				CLANG_CXX_LIBRARY = "libc++";
				CLANG_ENABLE_MODULES = YES;
				CLANG_ENABLE_OBJC_ARC = YES;
				CLANG_ENABLE_OBJC_WEAK = YES;
				CLANG_WARN_BLOCK_CAPTURE_AUTORELEASING = YES;
				CLANG_WARN_BOOL_CONVERSION = YES;
				CLANG_WARN_COMMA = YES;
				CLANG_WARN_CONSTANT_CONVERSION = YES;
				CLANG_WARN_DEPRECATED_OBJC_IMPLEMENTATIONS = YES;
				CLANG_WARN_DIRECT_OBJC_ISA_USAGE = YES_ERROR;
				CLANG_WARN_DOCUMENTATION_COMMENTS = YES;
				CLANG_WARN_EMPTY_BODY = YES;
				CLANG_WARN_ENUM_CONVERSION = YES;
				CLANG_WARN_INFINITE_RECURSION = YES;
				CLANG_WARN_INT_CONVERSION = YES;
				CLANG_WARN_NON_LITERAL_NULL_CONVERSION = YES;
				CLANG_WARN_OBJC_IMPLICIT_RETAIN_SELF = YES;
				CLANG_WARN_OBJC_LITERAL_CONVERSION = YES;
				CLANG_WARN_OBJC_ROOT_CLASS = YES_ERROR;
				CLANG_WARN_RANGE_LOOP_ANALYSIS = YES;
				CLANG_WARN_STRICT_PROTOTYPES = YES;
				CLANG_WARN_SUSPICIOUS_MOVE = YES;
				CLANG_WARN_UNGUARDED_AVAILABILITY = YES_AGGRESSIVE;
				CLANG_WARN_UNREACHABLE_CODE = YES;
				CLANG_WARN__DUPLICATE_METHOD_MATCH = YES;
				COPY_PHASE_STRIP = NO;
				DEBUG_INFORMATION_FORMAT = dwarf;
				ENABLE_STRICT_OBJC_MSGSEND = YES;
				ENABLE_TESTABILITY = YES;
				GCC_C_LANGUAGE_STANDARD = gnu11;
				GCC_DYNAMIC_NO_PIC = NO;
				GCC_NO_COMMON_BLOCKS = YES;
				GCC_OPTIMIZATION_LEVEL = 0;
				GCC_PREPROCESSOR_DEFINITIONS = (
					"DEBUG=1",
					"$(inherited)",
				);
				GCC_WARN_64_TO_32_BIT_CONVERSION = YES;
				GCC_WARN_ABOUT_RETURN_TYPE = YES_ERROR;
				GCC_WARN_UNDECLARED_SELECTOR = YES;
				GCC_WARN_UNINITIALIZED_AUTOS = YES_AGGRESSIVE;
				GCC_WARN_UNUSED_FUNCTION = YES;
				GCC_WARN_UNUSED_VARIABLE = YES;
				IPHONEOS_DEPLOYMENT_TARGET = 13.2;
				MTL_ENABLE_DEBUG_INFO = INCLUDE_SOURCE;
				MTL_FAST_MATH = YES;
				ONLY_ACTIVE_ARCH = YES;
				SDKROOT = iphoneos;
				SWIFT_ACTIVE_COMPILATION_CONDITIONS = DEBUG;
				SWIFT_OPTIMIZATION_LEVEL = "-Onone";
			};
			name = Debug;
		};
		18135EE123BDCE7C00494413 /* Release */ = {
			isa = XCBuildConfiguration;
			buildSettings = {
				ALWAYS_SEARCH_USER_PATHS = NO;
				CLANG_ANALYZER_NONNULL = YES;
				CLANG_ANALYZER_NUMBER_OBJECT_CONVERSION = YES_AGGRESSIVE;
				CLANG_CXX_LANGUAGE_STANDARD = "gnu++14";
				CLANG_CXX_LIBRARY = "libc++";
				CLANG_ENABLE_MODULES = YES;
				CLANG_ENABLE_OBJC_ARC = YES;
				CLANG_ENABLE_OBJC_WEAK = YES;
				CLANG_WARN_BLOCK_CAPTURE_AUTORELEASING = YES;
				CLANG_WARN_BOOL_CONVERSION = YES;
				CLANG_WARN_COMMA = YES;
				CLANG_WARN_CONSTANT_CONVERSION = YES;
				CLANG_WARN_DEPRECATED_OBJC_IMPLEMENTATIONS = YES;
				CLANG_WARN_DIRECT_OBJC_ISA_USAGE = YES_ERROR;
				CLANG_WARN_DOCUMENTATION_COMMENTS = YES;
				CLANG_WARN_EMPTY_BODY = YES;
				CLANG_WARN_ENUM_CONVERSION = YES;
				CLANG_WARN_INFINITE_RECURSION = YES;
				CLANG_WARN_INT_CONVERSION = YES;
				CLANG_WARN_NON_LITERAL_NULL_CONVERSION = YES;
				CLANG_WARN_OBJC_IMPLICIT_RETAIN_SELF = YES;
				CLANG_WARN_OBJC_LITERAL_CONVERSION = YES;
				CLANG_WARN_OBJC_ROOT_CLASS = YES_ERROR;
				CLANG_WARN_RANGE_LOOP_ANALYSIS = YES;
				CLANG_WARN_STRICT_PROTOTYPES = YES;
				CLANG_WARN_SUSPICIOUS_MOVE = YES;
				CLANG_WARN_UNGUARDED_AVAILABILITY = YES_AGGRESSIVE;
				CLANG_WARN_UNREACHABLE_CODE = YES;
				CLANG_WARN__DUPLICATE_METHOD_MATCH = YES;
				COPY_PHASE_STRIP = NO;
				DEBUG_INFORMATION_FORMAT = "dwarf-with-dsym";
				ENABLE_NS_ASSERTIONS = NO;
				ENABLE_STRICT_OBJC_MSGSEND = YES;
				GCC_C_LANGUAGE_STANDARD = gnu11;
				GCC_NO_COMMON_BLOCKS = YES;
				GCC_WARN_64_TO_32_BIT_CONVERSION = YES;
				GCC_WARN_ABOUT_RETURN_TYPE = YES_ERROR;
				GCC_WARN_UNDECLARED_SELECTOR = YES;
				GCC_WARN_UNINITIALIZED_AUTOS = YES_AGGRESSIVE;
				GCC_WARN_UNUSED_FUNCTION = YES;
				GCC_WARN_UNUSED_VARIABLE = YES;
				IPHONEOS_DEPLOYMENT_TARGET = 13.2;
				MTL_ENABLE_DEBUG_INFO = NO;
				MTL_FAST_MATH = YES;
				SDKROOT = iphoneos;
				SWIFT_COMPILATION_MODE = wholemodule;
				SWIFT_OPTIMIZATION_LEVEL = "-O";
				VALIDATE_PRODUCT = YES;
			};
			name = Release;
		};
		18135EE323BDCE7C00494413 /* Debug */ = {
			isa = XCBuildConfiguration;
			buildSettings = {
				ASSETCATALOG_COMPILER_APPICON_NAME = AppIcon;
				CODE_SIGN_STYLE = Automatic;
				DEVELOPMENT_TEAM = Y7W46MU58W;
				INFOPLIST_FILE = testRepoPush/Info.plist;
				LD_RUNPATH_SEARCH_PATHS = (
					"$(inherited)",
					"@executable_path/Frameworks",
				);
				PRODUCT_BUNDLE_IDENTIFIER = com.test.testRepoPush;
				PRODUCT_NAME = "$(TARGET_NAME)";
				SWIFT_VERSION = 5.0;
				TARGETED_DEVICE_FAMILY = "1,2";
			};
			name = Debug;
		};
		18135EE423BDCE7C00494413 /* Release */ = {
			isa = XCBuildConfiguration;
			buildSettings = {
				ASSETCATALOG_COMPILER_APPICON_NAME = AppIcon;
				CODE_SIGN_STYLE = Automatic;
				DEVELOPMENT_TEAM = Y7W46MU58W;
				INFOPLIST_FILE = testRepoPush/Info.plist;
				LD_RUNPATH_SEARCH_PATHS = (
					"$(inherited)",
					"@executable_path/Frameworks",
				);
				PRODUCT_BUNDLE_IDENTIFIER = com.test.testRepoPush;
				PRODUCT_NAME = "$(TARGET_NAME)";
				SWIFT_VERSION = 5.0;
				TARGETED_DEVICE_FAMILY = "1,2";
			};
			name = Release;
		};
/* End XCBuildConfiguration section */

/* Begin XCConfigurationList section */
		18135EC923BDCE7A00494413 /* Build configuration list for PBXProject "testRepoPush" */ = {
			isa = XCConfigurationList;
			buildConfigurations = (
				18135EE023BDCE7C00494413 /* Debug */,
				18135EE123BDCE7C00494413 /* Release */,
			);
			defaultConfigurationIsVisible = 0;
			defaultConfigurationName = Release;
		};
		18135EE223BDCE7C00494413 /* Build configuration list for PBXNativeTarget "testRepoPush" */ = {
			isa = XCConfigurationList;
			buildConfigurations = (
				18135EE323BDCE7C00494413 /* Debug */,
				18135EE423BDCE7C00494413 /* Release */,
			);
			defaultConfigurationIsVisible = 0;
			defaultConfigurationName = Release;
		};
/* End XCConfigurationList section */
	};
	rootObject = 18135EC623BDCE7A00494413 /* Project object */;
}
